
Microsoft Visual Studio Solution File, Format Version 12.00
# Visual Studio Version 17
VisualStudioVersion = 17.5.33502.453
MinimumVisualStudioVersion = 10.0.40219.1
Project("{8BC9CEB8-8B4A-11D0-8D11-00A0C91BC942}") = "230319", "230319.vcxproj", "{F5CBEB6E-46E9-4496-B184-33276AAF8D01}"
EndProject
Global
	GlobalSection(SolutionConfigurationPlatforms) = preSolution
		Debug|x64 = Debug|x64
		Debug|x86 = Debug|x86
		Release|x64 = Release|x64
		Release|x86 = Release|x86
	EndGlobalSection
	GlobalSection(ProjectConfigurationPlatforms) = postSolution
		{F5CBEB6E-46E9-4496-B184-33276AAF8D01}.Debug|x64.ActiveCfg = Debug|x64
		{F5CBEB6E-46E9-4496-B184-33276AAF8D01}.Debug|x64.Build.0 = Debug|x64
		{F5CBEB6E-46E9-4496-B184-33276AAF8D01}.Debug|x86.ActiveCfg = Debug|Win32
		{F5CBEB6E-46E9-4496-B184-33276AAF8D01}.Debug|x86.Build.0 = Debug|Win32
		{F5CBEB6E-46E9-4496-B184-33276AAF8D01}.Release|x64.ActiveCfg = Release|x64
		{F5CBEB6E-46E9-4496-B184-33276AAF8D01}.Release|x64.Build.0 = Release|x64
		{F5CBEB6E-46E9-4496-B184-33276AAF8D01}.Release|x86.ActiveCfg = Release|Win32
		{F5CBEB6E-46E9-4496-B184-33276AAF8D01}.Release|x86.Build.0 = Release|Win32
	EndGlobalSection
	GlobalSection(SolutionProperties) = preSolution
		HideSolutionNode = FALSE
	EndGlobalSection
	GlobalSection(ExtensibilityGlobals) = postSolution
		SolutionGuid = {9C1D9385-5158-408A-A6D6-DA1BBD8A0D72}
	EndGlobalSection
EndGlobal
